github.com/PuerkitoBio/goquery v1.9.2 h1:4/wZksC3KgkQw7SQgkKotmKljk0M6V8TUvA8Wb4yPeE=
github.com/PuerkitoBio/goquery v1.9.2/go.mod h1:GHPCaP0ODyyxqcNoFGYlAprUFH81NuRPd0GX3Zu2Mvk=
github.com/andybalholm/cascadia v1.3.2 h1:3Xi6Dw5lHF15JtdcmAHD3i1+T8plmv7BQ/nsViSLyss=
github.com/andybalholm/cascadia v1.3.2/go.mod h1:7gtRlve5FxPPgIgX36uWBX58OdBsSS6lUvCFb+h7KvU=
github.com/aws/aws-sdk-go-v2 v1.26.2 h1:OTRAL8EPdNoOdiq5SUhCaHhVPBU2wxAUe5uwasoJGRM=
github.com/aws/aws-sdk-go-v2 v1.26.2/go.mod h1:ffIFB97e2yNsv4aTSGkqtHnppsIJzw7G7BReUZ3jCXM=
github.com/aws/aws-sdk-go-v2/aws/protocol/eventstream v1.6.2 h1:x6xsQXGSmW6frevwDA+vi/wqhp1ct18mVXYN08/93to=
github.com/aws/aws-sdk-go-v2/aws/protocol/eventstream v1.6.2/go.mod h1:lPprDr1e6cJdyYeGXnRaJoP4Md+cDBvi2eOj00BlGmg=
github.com/aws/aws-sdk-go-v2/config v1.27.14 h1:QOg8Ud53rrmdjBHX080AaYUBhG2ER28kP/yjE7afF/0=
github.com/aws/aws-sdk-go-v2/config v1.27.14/go.mod h1:CLgU27opbIwnjwH++zQPvF4qsEIqviKL6l8b1AtRImc=
github.com/aws/aws-sdk-go-v2/credentials v1.17.14 h1:0y1IAEldTO2ZA3Lcq7u7y4Q2tUQlB3At2LZQijUHu3U=
github.com/aws/aws-sdk-go-v2/credentials v1.17.14/go.mod h1:En2zXCfDZJgtbp2UnzHDgKMz+mSRc4pA3Ka+jxoJvaA=
github.com/aws/aws-sdk-go-v2/feature/ec2/imds v1.16.2 h1:HTAQSEibYaSioHzjOQssUJnE8itwVP9SzmdR6lqC38g=
github.com/aws/aws-sdk-go-v2/feature/ec2/imds v1.16.2/go.mod h1:NjUtmUEIimOc5tPw//xqKNK/spUqCTSbxjwzCrnsj8U=
github.com/aws/aws-sdk-go-v2/internal/configsources v1.3.6 h1:yrfbQyxO73opeqep8FohU4LJx56iiQuvf4/XPgFB4To=
github.com/aws/aws-sdk-go-v2/internal/configsources v1.3.6/go.mod h1:bFtlRACYBPG2AUYst0ky5TPtgeYqWCksozVTGsZ1zq0=
github.com/aws/aws-sdk-go-v2/internal/endpoints/v2 v2.6.6 h1:DXsuqiAp1mGkelZCUSex8DsRtkeK4mW3oreyjNSegoo=
github.com/aws/aws-sdk-go-v2/internal/endpoints/v2 v2.6.6/go.mod h1:cLtGzsyh+Wz2j1w9Qyfn5DA9i25RfbYjwfJBZqCiP9Y=
github.com/aws/aws-sdk-go-v2/internal/ini v1.8.0 h1:hT8rVHwugYE2lEfdFE0QWVo81lF7jMrYJVDWI+f+VxU=
github.com/aws/aws-sdk-go-v2/internal/ini v1.8.0/go.mod h1:8tu/lYfQfFe6IGnaOdrpVgEL2IrrDOf6/m9RQum4NkY=
github.com/aws/aws-sdk-go-v2/internal/v4a v1.3.6 h1:+/uB/M07Isd7UajQIYW2M4lDc/302gIWu1zMe0d7uKo=
github.com/aws/aws-sdk-go-v2/internal/v4a v1.3.6/go.mod h1:7Gw/GeEezsEzpU/f1JWzSb1Y4M05taehNadic8jfF8U=
github.com/aws/aws-sdk-go-v2/service/internal/accept-encoding v1.11.2 h1:Ji0DY1xUsUr3I8cHps0G+XM3WWU16lP6yG8qu1GAZAs=
github.com/aws/aws-sdk-go-v2/service/internal/accept-encoding v1.11.2/go.mod h1:5CsjAbs3NlGQyZNFACh+zztPDI7fU6eW9QsxjfnuBKg=
github.com/aws/aws-sdk-go-v2/service/internal/checksum v1.3.8 h1:Etk3MkNNAXLKkOkrLcacOZhbH+ICPpM05Wueg/4FZGw=
github.com/aws/aws-sdk-go-v2/service/internal/checksum v1.3.8/go.mod h1:LwdzRBRLEOcMRhcM31ltkzl8Nw4XpnmBkOksr+LY53A=
github.com/aws/aws-sdk-go-v2/service/internal/presigned-url v1.11.8 h1:gwdGHxiV5f6Of48JJIZVD7sx45kT1l9kYdoUH5oQTZM=
github.com/aws/aws-sdk-go-v2/service/internal/presigned-url v1.11.8/go.mod h1:C9Glc6N50uIJqPPeL6N3spW/wzGyeQsQmecnKS7DTR4=
github.com/aws/aws-sdk-go-v2/service/internal/s3shared v1.17.6 h1:T9S8fTr0gppdTU6rjrSBl9VFiabxUw41dqzUSozuQP8=
github.com/aws/aws-sdk-go-v2/service/internal/s3shared v1.17.6/go.mod h1:mQUaFeeWztcGGBaOxSykT9H/qF+FGw3sCGERh3APsRc=
github.com/aws/aws-sdk-go-v2/service/s3 v1.54.1 h1:q8hQJhndXQXnCnd4nG608lfhapDvylff9CCQyWX0tHQ=
github.com/aws/aws-sdk-go-v2/service/s3 v1.54.1/go.mod h1:4QIYvQFYGX6Q2qhLW6KeJO0iXQUFJ/WLBL0pSdazHwA=
github.com/aws/aws-sdk-go-v2/service/sso v1.20.7 h1:sdPpNCoUijc0ntu024ZdjrXh3mB9rud5SjmE7djIfK4=
github.com/aws/aws-sdk-go-v2/service/sso v1.20.7/go.mod h1:8RMeDMFTkkDQ5LvaaAykdkNVVR0eQxGWm8CD6uBvd1M=
github.com/aws/aws-sdk-go-v2/service/ssooidc v1.24.1 h1:/vljM1ZswUEIRHWVxEqDhLzOSGmDcstW2zeTt23Ipf0=
github.com/aws/aws-sdk-go-v2/service/ssooidc v1.24.1/go.mod h1:XhJksmKh1RYjMbWHf3ZwQF0UYJjlqrm45NVvDe54SOU=
github.com/aws/aws-sdk-go-v2/service/sts v1.28.8 h1:FCYhQETaff4Skb2Hz9WoUqJAesr4MIQ9+TQ9ypjz7Ic=
github.com/aws/aws-sdk-go-v2/service/sts v1.28.8/go.mod h1:s+7oFIwiOegfrF00xNowWwLAtRiA9xhvm1UpZdJ0aus=
github.com/aws/smithy-go v1.20.2 h1:tbp628ireGtzcHDDmLT/6ADHidqnwgF57XOXZe6tp4Q=
github.com/aws/smithy-go v1.20.2/go.mod h1:krry+ya/rV9RDcV/Q16kpu6ypI4K2czasz0NC3qS14E=
github.com/davecgh/go-spew v1.1.0/go.mod h1:J7Y8YcW2NihsgmVo/mv3lAwl/skON4iLHjSsI+c5H38=
github.com/davecgh/go-spew v1.1.1/go.mod h1:J7Y8YcW2NihsgmVo/mv3lAwl/skON4iLHjSsI+c5H38=
github.com/gorilla/feeds v1.1.2 h1:pxzZ5PD3RJdhFH2FsJJ4x6PqMqbgFk1+Vez4XWBW8Iw=
github.com/gorilla/feeds v1.1.2/go.mod h1:WMib8uJP3BbY+X8Szd1rA5Pzhdfh+HCCAYT2z7Fza6Y=
github.com/pmezard/go-difflib v1.0.0/go.mod h1:iKH77koFhYxTK1pcRnkKkqfTogsbg7gZNVY4sRDYZ/4=
github.com/sirupsen/logrus v1.9.3 h1:dueUQJ1C2q9oE3F7wvmSGAaVtTmUizReu6fjN8uqzbQ=
github.com/sirupsen/logrus v1.9.3/go.mod h1:naHLuLoDiP4jHNo9R0sCBMtWGeIprob74mVsIT4qYEQ=
github.com/stretchr/objx v0.1.0/go.mod h1:HFkY916IF+rwdDfMAkV7OtwuqBVzrE8GR6GFx+wExME=
github.com/stretchr/testify v1.7.0/go.mod h1:6Fq8oRcR53rry900zMqJjRRixrwX3KX962/h/Wwjteg=
github.com/yuin/goldmark v1.4.13/go.mod h1:6yULJ656Px+3vBD8DxQVa3kxgyrAnzto9xy5taEt/CY=
golang.org/x/crypto v0.0.0-20190308221718-c2843e01d9a2/go.mod h1:djNgcEr1/C05ACkg1iLfiJU5Ep61QUkGW8qpdssI0+w=
golang.org/x/crypto v0.0.0-20210921155107-089bfa567519/go.mod h1:GvvjBRRGRdwPK5ydBHafDWAxML/pGHZbMvKqRZ5+Abc=
golang.org/x/mod v0.6.0-dev.0.20220419223038-86c51ed26bb4/go.mod h1:jJ57K6gSWd91VN4djpZkiMVwK6gcyfeH4XE8wZrZaV4=
golang.org/x/mod v0.8.0/go.mod h1:iBbtSCu2XBx23ZKBPSOrRkjjQPZFPuis4dIYUhu/chs=
golang.org/x/net v0.0.0-20190620200207-3b0461eec859/go.mod h1:z5CRVTTTmAJ677TzLLGU+0bjPO0LkuOLi4/5GtJWs/s=
golang.org/x/net v0.0.0-20210226172049-e18ecbb05110/go.mod h1:m0MpNAwzfU5UDzcl9v0D8zg8gWTRqZa9RBIspLL5mdg=
golang.org/x/net v0.0.0-20220722155237-a158d28d115b/go.mod h1:XRhObCWvk6IyKnWLug+ECip1KBveYUHfp+8e9klMJ9c=
golang.org/x/net v0.6.0/go.mod h1:2Tu9+aMcznHK/AK1HMvgo6xiTLG5rD5rZLDS+rp2Bjs=
golang.org/x/net v0.9.0/go.mod h1:d48xBJpPfHeWQsugry2m+kC02ZBRGRgulfHnEXEuWns=
golang.org/x/net v0.24.0 h1:1PcaxkF854Fu3+lvBIx5SYn9wRlBzzcnHZSiaFFAb0w=
golang.org/x/net v0.24.0/go.mod h1:2Q7sJY5mzlzWjKtYUEXSlBWCdyaioyXzRB2RtU8KVE8=
golang.org/x/sync v0.0.0-20190423024810-112230192c58/go.mod h1:RxMgew5VJxzue5/jJTE5uejpjVlOe/izrB70Jof72aM=
golang.org/x/sync v0.0.0-20220722155255-886fb9371eb4/go.mod h1:RxMgew5VJxzue5/jJTE5uejpjVlOe/izrB70Jof72aM=
golang.org/x/sync v0.1.0/go.mod h1:RxMgew5VJxzue5/jJTE5uejpjVlOe/izrB70Jof72aM=
golang.org/x/sys v0.0.0-20190215142949-d0b11bdaac8a/go.mod h1:STP8DvDyc/dI5b8T5hshtkjS+E42TnysNCUPdjciGhY=
golang.org/x/sys v0.0.0-20201119102817-f84b799fce68/go.mod h1:h1NjWce9XRLGQEsW7wpKNCjG9DtNlClVuFLEZdDNbEs=
golang.org/x/sys v0.0.0-20210615035016-665e8c7367d1/go.mod h1:oPkhp1MJrh7nUepCBck5+mAzfO9JrbApNNgaTdGDITg=
golang.org/x/sys v0.0.0-20220520151302-bc2c85ada10a/go.mod h1:oPkhp1MJrh7nUepCBck5+mAzfO9JrbApNNgaTdGDITg=
golang.org/x/sys v0.0.0-20220715151400-c0bba94af5f8/go.mod h1:oPkhp1MJrh7nUepCBck5+mAzfO9JrbApNNgaTdGDITg=
golang.org/x/sys v0.0.0-20220722155257-8c9f86f7a55f/go.mod h1:oPkhp1MJrh7nUepCBck5+mAzfO9JrbApNNgaTdGDITg=
golang.org/x/sys v0.5.0/go.mod h1:oPkhp1MJrh7nUepCBck5+mAzfO9JrbApNNgaTdGDITg=
golang.org/x/sys v0.7.0/go.mod h1:oPkhp1MJrh7nUepCBck5+mAzfO9JrbApNNgaTdGDITg=
golang.org/x/sys v0.19.0 h1:q5f1RH2jigJ1MoAWp2KTp3gm5zAGFUTarQZ5U386+4o=
golang.org/x/sys v0.19.0/go.mod h1:/VUhepiaJMQUp4+oa/7Zr1D23ma6VTLIYjOOTFZPUcA=
golang.org/x/term v0.0.0-20201126162022-7de9c90e9dd1/go.mod h1:bj7SfCRtBDWHUb9snDiAeCFNEtKQo2Wmx5Cou7ajbmo=
golang.org/x/term v0.0.0-20210927222741-03fcf44c2211/go.mod h1:jbD1KX2456YbFQfuXm/mYQcufACuNUgVhRMnK/tPxf8=
golang.org/x/term v0.5.0/go.mod h1:jMB1sMXY+tzblOD4FWmEbocvup2/aLOaQEp7JmGp78k=
golang.org/x/term v0.7.0/go.mod h1:P32HKFT3hSsZrRxla30E9HqToFYAQPCMs/zFMBUFqPY=
golang.org/x/text v0.3.0/go.mod h1:NqM8EUOU14njkJ3fqMW+pc6Ldnwhi/IjpwHt7yyuwOQ=
golang.org/x/text v0.3.3/go.mod h1:5Zoc/QRtKVWzQhOtBMvqHzDpF6irO9z98xDceosuGiQ=
golang.org/x/text v0.3.7/go.mod h1:u+2+/6zg+i71rQMx5EYifcz6MCKuco9NR6JIITiCfzQ=
golang.org/x/text v0.7.0/go.mod h1:mrYo+phRRbMaCq/xk9113O4dZlRixOauAjOtrjsXDZ8=
golang.org/x/text v0.9.0/go.mod h1:e1OnstbJyHTd6l/uOt8jFFHp6TRDWZR/bV3emEE/zU8=
golang.org/x/tools v0.0.0-20180917221912-90fa682c2a6e/go.mod h1:n7NCudcB/nEzxVGmLbDWY5pfWTLqBcC2KZ6jyYvM4mQ=
golang.org/x/tools v0.0.0-20191119224855-298f0cb1881e/go.mod h1:b+2E5dAYhXwXZwtnZ6UAqBI28+e2cm9otk0dWdXHAEo=
golang.org/x/tools v0.1.12/go.mod h1:hNGJHUnrk76NpqgfD5Aqm5Crs+Hm0VOH/i9J2+nxYbc=
golang.org/x/tools v0.6.0/go.mod h1:Xwgl3UAJ/d3gWutnCtw505GrjyAbvKui8lOU390QaIU=
golang.org/x/xerrors v0.0.0-20190717185122-a985d3407aa7/go.mod h1:I/5z698sn9Ka8TeJc9MKroUUfqBBauWjQqLJ2OPfmY0=
gopkg.in/check.v1 v0.0.0-20161208181325-20d25e280405/go.mod h1:Co6ibVJAznAaIkqp8huTwlJQCZ016jof/cbN4VW5Yz0=
gopkg.in/yaml.v3 v3.0.0-20200313102051-9f266ea9e77c/go.mod h1:K4uyk7z7BCEPqu6E+C64Yfv1cQ7kz7rIZviUmN+EgEM=
